
Microsoft Visual Studio Solution File, Format Version 12.00
# Visual Studio Version 17
VisualStudioVersion = 17.7.34031.279
MinimumVisualStudioVersion = 10.0.40219.1
Project("{FAE04EC0-301F-11D3-BF4B-00C04F79EFBC}") = "simulated clinic", "simulated clinic.csproj", "{9C32D3EF-51FA-4B05-AADA-ADD2A5CBB5EE}"
EndProject
Global
	GlobalSection(SolutionConfigurationPlatforms) = preSolution
		Debug|Any CPU = Debug|Any CPU
		Release|Any CPU = Release|Any CPU
	EndGlobalSection
	GlobalSection(ProjectConfigurationPlatforms) = postSolution
		{9C32D3EF-51FA-4B05-AADA-ADD2A5CBB5EE}.Debug|Any CPU.ActiveCfg = Debug|Any CPU
		{9C32D3EF-51FA-4B05-AADA-ADD2A5CBB5EE}.Debug|Any CPU.Build.0 = Debug|Any CPU
		{9C32D3EF-51FA-4B05-AADA-ADD2A5CBB5EE}.Release|Any CPU.ActiveCfg = Release|Any CPU
		{9C32D3EF-51FA-4B05-AADA-ADD2A5CBB5EE}.Release|Any CPU.Build.0 = Release|Any CPU
	EndGlobalSection
	GlobalSection(SolutionProperties) = preSolution
		HideSolutionNode = FALSE
	EndGlobalSection
	GlobalSection(ExtensibilityGlobals) = postSolution
		SolutionGuid = {F2DB1348-E1AB-48B2-A931-340AD9247867}
	EndGlobalSection
EndGlobal
